
Microsoft Visual Studio Solution File, Format Version 12.00
# Visual Studio Version 17
VisualStudioVersion = 17.9.34728.123
MinimumVisualStudioVersion = 10.0.40219.1
Project("{9A19103F-16F7-4668-BE54-9A1E7A4F7556}") = "ProjectManagement", "ProjectManagement\ProjectManagement.csproj", "{31E2E418-0FFA-484D-992C-CDD89372F489}"
EndProject
Project("{9A19103F-16F7-4668-BE54-9A1E7A4F7556}") = "ProjectManagement.Persistence", "ProjectManagement.Persistence\ProjectManagement.Persistence.csproj", "{44AE8A22-2976-47D6-8FBE-71C3C4020724}"
EndProject
Project("{FAE04EC0-301F-11D3-BF4B-00C04F79EFBC}") = "ProjectManagement.Domain", "ProjectManagement.Domain\ProjectManagement.Domain.csproj", "{B0920900-1D90-4BF8-907E-BB57ACF1C427}"
EndProject
Global
	GlobalSection(SolutionConfigurationPlatforms) = preSolution
		Debug|Any CPU = Debug|Any CPU
		Release|Any CPU = Release|Any CPU
	EndGlobalSection
	GlobalSection(ProjectConfigurationPlatforms) = postSolution
		{31E2E418-0FFA-484D-992C-CDD89372F489}.Debug|Any CPU.ActiveCfg = Debug|Any CPU
		{31E2E418-0FFA-484D-992C-CDD89372F489}.Debug|Any CPU.Build.0 = Debug|Any CPU
		{31E2E418-0FFA-484D-992C-CDD89372F489}.Release|Any CPU.ActiveCfg = Release|Any CPU
		{31E2E418-0FFA-484D-992C-CDD89372F489}.Release|Any CPU.Build.0 = Release|Any CPU
		{44AE8A22-2976-47D6-8FBE-71C3C4020724}.Debug|Any CPU.ActiveCfg = Debug|Any CPU
		{44AE8A22-2976-47D6-8FBE-71C3C4020724}.Debug|Any CPU.Build.0 = Debug|Any CPU
		{44AE8A22-2976-47D6-8FBE-71C3C4020724}.Release|Any CPU.ActiveCfg = Release|Any CPU
		{44AE8A22-2976-47D6-8FBE-71C3C4020724}.Release|Any CPU.Build.0 = Release|Any CPU
		{B0920900-1D90-4BF8-907E-BB57ACF1C427}.Debug|Any CPU.ActiveCfg = Debug|Any CPU
		{B0920900-1D90-4BF8-907E-BB57ACF1C427}.Debug|Any CPU.Build.0 = Debug|Any CPU
		{B0920900-1D90-4BF8-907E-BB57ACF1C427}.Release|Any CPU.ActiveCfg = Release|Any CPU
		{B0920900-1D90-4BF8-907E-BB57ACF1C427}.Release|Any CPU.Build.0 = Release|Any CPU
	EndGlobalSection
	GlobalSection(SolutionProperties) = preSolution
		HideSolutionNode = FALSE
	EndGlobalSection
	GlobalSection(ExtensibilityGlobals) = postSolution
		SolutionGuid = {24843555-D294-4C2D-9D13-0E03DF59FB35}
	EndGlobalSection
EndGlobal
